// !$*UTF8*$!
{
	archiveVersion = 1;
	classes = {
	};
	objectVersion = 56;
	objects = {

/* Begin PBXBuildFile section */
		F53A27EC2C19E2510092FF53 /* ProfileDetailViewController.swift in Sources */ = {isa = PBXBuildFile; fileRef = F53A27EB2C19E2510092FF53 /* ProfileDetailViewController.swift */; };
		F53A27FA2C1A11A00092FF53 /* ProfileViewController.swift in Sources */ = {isa = PBXBuildFile; fileRef = F53A27F72C1A11A00092FF53 /* ProfileViewController.swift */; };
		F53A27FE2C1B25910092FF53 /* RoundImageView.swift in Sources */ = {isa = PBXBuildFile; fileRef = F53A27FD2C1B25910092FF53 /* RoundImageView.swift */; };
		F57979C42C1B5D7B00BF4D85 /* TopCornersRoundView.swift in Sources */ = {isa = PBXBuildFile; fileRef = F57979C32C1B5D7B00BF4D85 /* TopCornersRoundView.swift */; };
		F5ADBE472C1C92CA00FE5791 /* ProfileCountryListSectionHeaderView.swift in Sources */ = {isa = PBXBuildFile; fileRef = F5ADBE462C1C92CA00FE5791 /* ProfileCountryListSectionHeaderView.swift */; };
		F5ADBE492C1C92D900FE5791 /* ProfileCountryListSectionHeaderView.xib in Resources */ = {isa = PBXBuildFile; fileRef = F5ADBE482C1C92D900FE5791 /* ProfileCountryListSectionHeaderView.xib */; };
		F5ADBE4B2C1C9D5C00FE5791 /* ProfileCountryListTableViewController.swift in Sources */ = {isa = PBXBuildFile; fileRef = F5ADBE4A2C1C9D5C00FE5791 /* ProfileCountryListTableViewController.swift */; };
		F5ADBE4D2C207E6C00FE5791 /* ProfileCountryListCountryTableViewCell.swift in Sources */ = {isa = PBXBuildFile; fileRef = F5ADBE4C2C207E6C00FE5791 /* ProfileCountryListCountryTableViewCell.swift */; };
		F5ADBE4F2C2096E400FE5791 /* CountryInfoProvider.swift in Sources */ = {isa = PBXBuildFile; fileRef = F5ADBE4E2C2096E400FE5791 /* CountryInfoProvider.swift */; };
		F5ADBE512C20998900FE5791 /* CountryInfo.swift in Sources */ = {isa = PBXBuildFile; fileRef = F5ADBE502C20998900FE5791 /* CountryInfo.swift */; };
		F5ADBE542C20AEA100FE5791 /* CountryListTableViewController.swift in Sources */ = {isa = PBXBuildFile; fileRef = F5ADBE522C20AEA100FE5791 /* CountryListTableViewController.swift */; };
		F5ADBE572C233D3100FE5791 /* CountryListTableViewCell.swift in Sources */ = {isa = PBXBuildFile; fileRef = F5ADBE562C233D3100FE5791 /* CountryListTableViewCell.swift */; };
		F5ADBE592C2343A900FE5791 /* ViewControllerStoryboardInstantiation.swift in Sources */ = {isa = PBXBuildFile; fileRef = F5ADBE582C2343A900FE5791 /* ViewControllerStoryboardInstantiation.swift */; };
		F5ADBE5B2C236F2600FE5791 /* CountryListTableViewModel.swift in Sources */ = {isa = PBXBuildFile; fileRef = F5ADBE5A2C236F2600FE5791 /* CountryListTableViewModel.swift */; };
		F5ADBE632C25D4B300FE5791 /* ProfileCountryListTableViewModel.swift in Sources */ = {isa = PBXBuildFile; fileRef = F5ADBE622C25D4B300FE5791 /* ProfileCountryListTableViewModel.swift */; };
		F5ADBE652C2C57F300FE5791 /* ProfileInfo.swift in Sources */ = {isa = PBXBuildFile; fileRef = F5ADBE642C2C57F300FE5791 /* ProfileInfo.swift */; };
		F5ADBE672C2C5C4600FE5791 /* AppModel.swift in Sources */ = {isa = PBXBuildFile; fileRef = F5ADBE662C2C5C4600FE5791 /* AppModel.swift */; };
		F5ADBE7C2C2C714C00FE5791 /* ProfileViewModel.swift in Sources */ = {isa = PBXBuildFile; fileRef = F5ADBE7B2C2C714C00FE5791 /* ProfileViewModel.swift */; };
		F5ADBE862C2C774700FE5791 /* ViewModelsFactory.swift in Sources */ = {isa = PBXBuildFile; fileRef = F5ADBE852C2C774700FE5791 /* ViewModelsFactory.swift */; };
		F5ADBE882C2C7AA800FE5791 /* ProfileDetailViewModel.swift in Sources */ = {isa = PBXBuildFile; fileRef = F5ADBE872C2C7AA800FE5791 /* ProfileDetailViewModel.swift */; };
		F5ADBE8A2C2DD4F800FE5791 /* ProfileCountryListShowHideMoreTableViewCell.swift in Sources */ = {isa = PBXBuildFile; fileRef = F5ADBE892C2DD4F800FE5791 /* ProfileCountryListShowHideMoreTableViewCell.swift */; };
		F5ADBE8C2C331AF900FE5791 /* ProfileCountryListHintTableViewCell.swift in Sources */ = {isa = PBXBuildFile; fileRef = F5ADBE8B2C331AF900FE5791 /* ProfileCountryListHintTableViewCell.swift */; };
		F5C722A32C19C80E0078B5CF /* AppDelegate.swift in Sources */ = {isa = PBXBuildFile; fileRef = F5C722A22C19C80E0078B5CF /* AppDelegate.swift */; };
		F5C722A52C19C80E0078B5CF /* SceneDelegate.swift in Sources */ = {isa = PBXBuildFile; fileRef = F5C722A42C19C80E0078B5CF /* SceneDelegate.swift */; };
		F5C722AA2C19C80E0078B5CF /* Base in Resources */ = {isa = PBXBuildFile; fileRef = F5C722A92C19C80E0078B5CF /* Base */; };
		F5C722AC2C19C80F0078B5CF /* Assets.xcassets in Resources */ = {isa = PBXBuildFile; fileRef = F5C722AB2C19C80F0078B5CF /* Assets.xcassets */; };
		F5C722AF2C19C80F0078B5CF /* Base in Resources */ = {isa = PBXBuildFile; fileRef = F5C722AE2C19C80F0078B5CF /* Base */; };
/* End PBXBuildFile section */

/* Begin PBXFileReference section */
		F53A27EB2C19E2510092FF53 /* ProfileDetailViewController.swift */ = {isa = PBXFileReference; lastKnownFileType = sourcecode.swift; path = ProfileDetailViewController.swift; sourceTree = "<group>"; };
		F53A27F72C1A11A00092FF53 /* ProfileViewController.swift */ = {isa = PBXFileReference; lastKnownFileType = sourcecode.swift; path = ProfileViewController.swift; sourceTree = "<group>"; };
		F53A27FD2C1B25910092FF53 /* RoundImageView.swift */ = {isa = PBXFileReference; lastKnownFileType = sourcecode.swift; path = RoundImageView.swift; sourceTree = "<group>"; };
		F57979C32C1B5D7B00BF4D85 /* TopCornersRoundView.swift */ = {isa = PBXFileReference; lastKnownFileType = sourcecode.swift; path = TopCornersRoundView.swift; sourceTree = "<group>"; };
		F5ADBE462C1C92CA00FE5791 /* ProfileCountryListSectionHeaderView.swift */ = {isa = PBXFileReference; lastKnownFileType = sourcecode.swift; path = ProfileCountryListSectionHeaderView.swift; sourceTree = "<group>"; };
		F5ADBE482C1C92D900FE5791 /* ProfileCountryListSectionHeaderView.xib */ = {isa = PBXFileReference; lastKnownFileType = file.xib; path = ProfileCountryListSectionHeaderView.xib; sourceTree = "<group>"; };
		F5ADBE4A2C1C9D5C00FE5791 /* ProfileCountryListTableViewController.swift */ = {isa = PBXFileReference; lastKnownFileType = sourcecode.swift; path = ProfileCountryListTableViewController.swift; sourceTree = "<group>"; };
		F5ADBE4C2C207E6C00FE5791 /* ProfileCountryListCountryTableViewCell.swift */ = {isa = PBXFileReference; lastKnownFileType = sourcecode.swift; path = ProfileCountryListCountryTableViewCell.swift; sourceTree = "<group>"; };
		F5ADBE4E2C2096E400FE5791 /* CountryInfoProvider.swift */ = {isa = PBXFileReference; lastKnownFileType = sourcecode.swift; path = CountryInfoProvider.swift; sourceTree = "<group>"; };
		F5ADBE502C20998900FE5791 /* CountryInfo.swift */ = {isa = PBXFileReference; lastKnownFileType = sourcecode.swift; path = CountryInfo.swift; sourceTree = "<group>"; };
		F5ADBE522C20AEA100FE5791 /* CountryListTableViewController.swift */ = {isa = PBXFileReference; lastKnownFileType = sourcecode.swift; path = CountryListTableViewController.swift; sourceTree = "<group>"; };
		F5ADBE562C233D3100FE5791 /* CountryListTableViewCell.swift */ = {isa = PBXFileReference; lastKnownFileType = sourcecode.swift; path = CountryListTableViewCell.swift; sourceTree = "<group>"; };
		F5ADBE582C2343A900FE5791 /* ViewControllerStoryboardInstantiation.swift */ = {isa = PBXFileReference; lastKnownFileType = sourcecode.swift; path = ViewControllerStoryboardInstantiation.swift; sourceTree = "<group>"; };
		F5ADBE5A2C236F2600FE5791 /* CountryListTableViewModel.swift */ = {isa = PBXFileReference; lastKnownFileType = sourcecode.swift; path = CountryListTableViewModel.swift; sourceTree = "<group>"; };
		F5ADBE622C25D4B300FE5791 /* ProfileCountryListTableViewModel.swift */ = {isa = PBXFileReference; lastKnownFileType = sourcecode.swift; path = ProfileCountryListTableViewModel.swift; sourceTree = "<group>"; };
		F5ADBE642C2C57F300FE5791 /* ProfileInfo.swift */ = {isa = PBXFileReference; lastKnownFileType = sourcecode.swift; path = ProfileInfo.swift; sourceTree = "<group>"; };
		F5ADBE662C2C5C4600FE5791 /* AppModel.swift */ = {isa = PBXFileReference; lastKnownFileType = sourcecode.swift; path = AppModel.swift; sourceTree = "<group>"; };
		F5ADBE7B2C2C714C00FE5791 /* ProfileViewModel.swift */ = {isa = PBXFileReference; lastKnownFileType = sourcecode.swift; path = ProfileViewModel.swift; sourceTree = "<group>"; };
		F5ADBE852C2C774700FE5791 /* ViewModelsFactory.swift */ = {isa = PBXFileReference; lastKnownFileType = sourcecode.swift; path = ViewModelsFactory.swift; sourceTree = "<group>"; };
		F5ADBE872C2C7AA800FE5791 /* ProfileDetailViewModel.swift */ = {isa = PBXFileReference; lastKnownFileType = sourcecode.swift; path = ProfileDetailViewModel.swift; sourceTree = "<group>"; };
		F5ADBE892C2DD4F800FE5791 /* ProfileCountryListShowHideMoreTableViewCell.swift */ = {isa = PBXFileReference; lastKnownFileType = sourcecode.swift; path = ProfileCountryListShowHideMoreTableViewCell.swift; sourceTree = "<group>"; };
		F5ADBE8B2C331AF900FE5791 /* ProfileCountryListHintTableViewCell.swift */ = {isa = PBXFileReference; lastKnownFileType = sourcecode.swift; path = ProfileCountryListHintTableViewCell.swift; sourceTree = "<group>"; };
		F5C7229F2C19C80E0078B5CF /* Travel_screen.app */ = {isa = PBXFileReference; explicitFileType = wrapper.application; includeInIndex = 0; path = Travel_screen.app; sourceTree = BUILT_PRODUCTS_DIR; };
		F5C722A22C19C80E0078B5CF /* AppDelegate.swift */ = {isa = PBXFileReference; lastKnownFileType = sourcecode.swift; path = AppDelegate.swift; sourceTree = "<group>"; };
		F5C722A42C19C80E0078B5CF /* SceneDelegate.swift */ = {isa = PBXFileReference; lastKnownFileType = sourcecode.swift; path = SceneDelegate.swift; sourceTree = "<group>"; };
		F5C722A92C19C80E0078B5CF /* Base */ = {isa = PBXFileReference; lastKnownFileType = file.storyboard; name = Base; path = Base.lproj/Main.storyboard; sourceTree = "<group>"; };
		F5C722AB2C19C80F0078B5CF /* Assets.xcassets */ = {isa = PBXFileReference; lastKnownFileType = folder.assetcatalog; path = Assets.xcassets; sourceTree = "<group>"; };
		F5C722AE2C19C80F0078B5CF /* Base */ = {isa = PBXFileReference; lastKnownFileType = file.storyboard; name = Base; path = Base.lproj/LaunchScreen.storyboard; sourceTree = "<group>"; };
		F5C722B02C19C80F0078B5CF /* Info.plist */ = {isa = PBXFileReference; lastKnownFileType = text.plist.xml; path = Info.plist; sourceTree = "<group>"; };
/* End PBXFileReference section */

/* Begin PBXFrameworksBuildPhase section */
		F5C7229C2C19C80E0078B5CF /* Frameworks */ = {
			isa = PBXFrameworksBuildPhase;
			buildActionMask = 2147483647;
			files = (
			);
			runOnlyForDeploymentPostprocessing = 0;
		};
/* End PBXFrameworksBuildPhase section */

/* Begin PBXGroup section */
		F53F6BD42C340B8B0010B62A /* TableViewCells */ = {
			isa = PBXGroup;
			children = (
				F5ADBE4C2C207E6C00FE5791 /* ProfileCountryListCountryTableViewCell.swift */,
				F5ADBE892C2DD4F800FE5791 /* ProfileCountryListShowHideMoreTableViewCell.swift */,
				F5ADBE8B2C331AF900FE5791 /* ProfileCountryListHintTableViewCell.swift */,
			);
			path = TableViewCells;
			sourceTree = "<group>";
		};
		F53F6BD52C3460820010B62A /* Models */ = {
			isa = PBXGroup;
			children = (
				F5ADBE4E2C2096E400FE5791 /* CountryInfoProvider.swift */,
				F5ADBE502C20998900FE5791 /* CountryInfo.swift */,
				F5ADBE642C2C57F300FE5791 /* ProfileInfo.swift */,
				F5ADBE662C2C5C4600FE5791 /* AppModel.swift */,
			);
			path = Models;
			sourceTree = "<group>";
		};
		F53F6BD62C3460EF0010B62A /* Views */ = {
			isa = PBXGroup;
			children = (
				F53A27FD2C1B25910092FF53 /* RoundImageView.swift */,
				F57979C32C1B5D7B00BF4D85 /* TopCornersRoundView.swift */,
			);
			path = Views;
			sourceTree = "<group>";
		};
		F53F6BD72C3461050010B62A /* ProfileDetailViewController */ = {
			isa = PBXGroup;
			children = (
				F53A27EB2C19E2510092FF53 /* ProfileDetailViewController.swift */,
				F5ADBE872C2C7AA800FE5791 /* ProfileDetailViewModel.swift */,
			);
			path = ProfileDetailViewController;
			sourceTree = "<group>";
		};
		F53F6BD82C3461140010B62A /* ProfileViewController */ = {
			isa = PBXGroup;
			children = (
				F53A27F72C1A11A00092FF53 /* ProfileViewController.swift */,
				F5ADBE7B2C2C714C00FE5791 /* ProfileViewModel.swift */,
			);
			path = ProfileViewController;
			sourceTree = "<group>";
		};
		F5ADBE5E2C25C6F200FE5791 /* CountryListTableView */ = {
			isa = PBXGroup;
			children = (
				F5ADBE522C20AEA100FE5791 /* CountryListTableViewController.swift */,
				F5ADBE5A2C236F2600FE5791 /* CountryListTableViewModel.swift */,
				F5ADBE562C233D3100FE5791 /* CountryListTableViewCell.swift */,
			);
			path = CountryListTableView;
			sourceTree = "<group>";
		};
		F5ADBE5F2C25C75600FE5791 /* ProfileCountryListSectionHeaderView */ = {
			isa = PBXGroup;
			children = (
				F5ADBE462C1C92CA00FE5791 /* ProfileCountryListSectionHeaderView.swift */,
				F5ADBE482C1C92D900FE5791 /* ProfileCountryListSectionHeaderView.xib */,
			);
			path = ProfileCountryListSectionHeaderView;
			sourceTree = "<group>";
		};
		F5ADBE612C25C7FD00FE5791 /* ProfileCountryListTableView */ = {
			isa = PBXGroup;
			children = (
				F5ADBE4A2C1C9D5C00FE5791 /* ProfileCountryListTableViewController.swift */,
				F5ADBE622C25D4B300FE5791 /* ProfileCountryListTableViewModel.swift */,
				F5ADBE5F2C25C75600FE5791 /* ProfileCountryListSectionHeaderView */,
				F53F6BD42C340B8B0010B62A /* TableViewCells */,
			);
			path = ProfileCountryListTableView;
			sourceTree = "<group>";
		};
		F5C722962C19C80E0078B5CF = {
			isa = PBXGroup;
			children = (
				F5C722A12C19C80E0078B5CF /* Travel_screen */,
				F5C722A02C19C80E0078B5CF /* Products */,
			);
			sourceTree = "<group>";
		};
		F5C722A02C19C80E0078B5CF /* Products */ = {
			isa = PBXGroup;
			children = (
				F5C7229F2C19C80E0078B5CF /* Travel_screen.app */,
			);
			name = Products;
			sourceTree = "<group>";
		};
		F5C722A12C19C80E0078B5CF /* Travel_screen */ = {
			isa = PBXGroup;
			children = (
				F5C722A22C19C80E0078B5CF /* AppDelegate.swift */,
				F5C722A42C19C80E0078B5CF /* SceneDelegate.swift */,
				F53F6BD82C3461140010B62A /* ProfileViewController */,
				F53F6BD72C3461050010B62A /* ProfileDetailViewController */,
				F53F6BD62C3460EF0010B62A /* Views */,
				F5ADBE612C25C7FD00FE5791 /* ProfileCountryListTableView */,
				F5ADBE5E2C25C6F200FE5791 /* CountryListTableView */,
				F53F6BD52C3460820010B62A /* Models */,
				F5ADBE852C2C774700FE5791 /* ViewModelsFactory.swift */,
				F5ADBE582C2343A900FE5791 /* ViewControllerStoryboardInstantiation.swift */,
				F5C722A82C19C80E0078B5CF /* Main.storyboard */,
				F5C722AB2C19C80F0078B5CF /* Assets.xcassets */,
				F5C722AD2C19C80F0078B5CF /* LaunchScreen.storyboard */,
				F5C722B02C19C80F0078B5CF /* Info.plist */,
			);
			path = Travel_screen;
			sourceTree = "<group>";
		};
/* End PBXGroup section */

/* Begin PBXNativeTarget section */
		F5C7229E2C19C80E0078B5CF /* Travel_screen */ = {
			isa = PBXNativeTarget;
			buildConfigurationList = F5C722B32C19C80F0078B5CF /* Build configuration list for PBXNativeTarget "Travel_screen" */;
			buildPhases = (
				F5C7229B2C19C80E0078B5CF /* Sources */,
				F5C7229C2C19C80E0078B5CF /* Frameworks */,
				F5C7229D2C19C80E0078B5CF /* Resources */,
			);
			buildRules = (
			);
			dependencies = (
			);
			name = Travel_screen;
			productName = Travel_screen;
			productReference = F5C7229F2C19C80E0078B5CF /* Travel_screen.app */;
			productType = "com.apple.product-type.application";
		};
/* End PBXNativeTarget section */

/* Begin PBXProject section */
		F5C722972C19C80E0078B5CF /* Project object */ = {
			isa = PBXProject;
			attributes = {
				BuildIndependentTargetsInParallel = 1;
				LastSwiftUpdateCheck = 1540;
				LastUpgradeCheck = 1540;
				TargetAttributes = {
					F5C7229E2C19C80E0078B5CF = {
						CreatedOnToolsVersion = 15.4;
					};
				};
			};
			buildConfigurationList = F5C7229A2C19C80E0078B5CF /* Build configuration list for PBXProject "Travel_screen" */;
			compatibilityVersion = "Xcode 14.0";
			developmentRegion = en;
			hasScannedForEncodings = 0;
			knownRegions = (
				en,
				Base,
			);
			mainGroup = F5C722962C19C80E0078B5CF;
			productRefGroup = F5C722A02C19C80E0078B5CF /* Products */;
			projectDirPath = "";
			projectRoot = "";
			targets = (
				F5C7229E2C19C80E0078B5CF /* Travel_screen */,
			);
		};
/* End PBXProject section */

/* Begin PBXResourcesBuildPhase section */
		F5C7229D2C19C80E0078B5CF /* Resources */ = {
			isa = PBXResourcesBuildPhase;
			buildActionMask = 2147483647;
			files = (
				F5ADBE492C1C92D900FE5791 /* ProfileCountryListSectionHeaderView.xib in Resources */,
				F5C722AC2C19C80F0078B5CF /* Assets.xcassets in Resources */,
				F5C722AF2C19C80F0078B5CF /* Base in Resources */,
				F5C722AA2C19C80E0078B5CF /* Base in Resources */,
			);
			runOnlyForDeploymentPostprocessing = 0;
		};
/* End PBXResourcesBuildPhase section */

/* Begin PBXSourcesBuildPhase section */
		F5C7229B2C19C80E0078B5CF /* Sources */ = {
			isa = PBXSourcesBuildPhase;
			buildActionMask = 2147483647;
			files = (
				F5ADBE4D2C207E6C00FE5791 /* ProfileCountryListCountryTableViewCell.swift in Sources */,
				F53A27FE2C1B25910092FF53 /* RoundImageView.swift in Sources */,
				F5ADBE512C20998900FE5791 /* CountryInfo.swift in Sources */,
				F5ADBE652C2C57F300FE5791 /* ProfileInfo.swift in Sources */,
				F5ADBE862C2C774700FE5791 /* ViewModelsFactory.swift in Sources */,
				F5ADBE7C2C2C714C00FE5791 /* ProfileViewModel.swift in Sources */,
				F5ADBE572C233D3100FE5791 /* CountryListTableViewCell.swift in Sources */,
				F5ADBE882C2C7AA800FE5791 /* ProfileDetailViewModel.swift in Sources */,
				F5ADBE472C1C92CA00FE5791 /* ProfileCountryListSectionHeaderView.swift in Sources */,
				F5C722A32C19C80E0078B5CF /* AppDelegate.swift in Sources */,
				F5ADBE4F2C2096E400FE5791 /* CountryInfoProvider.swift in Sources */,
				F5ADBE542C20AEA100FE5791 /* CountryListTableViewController.swift in Sources */,
				F53A27EC2C19E2510092FF53 /* ProfileDetailViewController.swift in Sources */,
				F5ADBE672C2C5C4600FE5791 /* AppModel.swift in Sources */,
				F5ADBE592C2343A900FE5791 /* ViewControllerStoryboardInstantiation.swift in Sources */,
				F53A27FA2C1A11A00092FF53 /* ProfileViewController.swift in Sources */,
				F5ADBE8A2C2DD4F800FE5791 /* ProfileCountryListShowHideMoreTableViewCell.swift in Sources */,
				F57979C42C1B5D7B00BF4D85 /* TopCornersRoundView.swift in Sources */,
				F5ADBE8C2C331AF900FE5791 /* ProfileCountryListHintTableViewCell.swift in Sources */,
				F5ADBE4B2C1C9D5C00FE5791 /* ProfileCountryListTableViewController.swift in Sources */,
				F5ADBE632C25D4B300FE5791 /* ProfileCountryListTableViewModel.swift in Sources */,
				F5C722A52C19C80E0078B5CF /* SceneDelegate.swift in Sources */,
				F5ADBE5B2C236F2600FE5791 /* CountryListTableViewModel.swift in Sources */,
			);
			runOnlyForDeploymentPostprocessing = 0;
		};
/* End PBXSourcesBuildPhase section */

/* Begin PBXVariantGroup section */
		F5C722A82C19C80E0078B5CF /* Main.storyboard */ = {
			isa = PBXVariantGroup;
			children = (
				F5C722A92C19C80E0078B5CF /* Base */,
			);
			name = Main.storyboard;
			sourceTree = "<group>";
		};
		F5C722AD2C19C80F0078B5CF /* LaunchScreen.storyboard */ = {
			isa = PBXVariantGroup;
			children = (
				F5C722AE2C19C80F0078B5CF /* Base */,
			);
			name = LaunchScreen.storyboard;
			sourceTree = "<group>";
		};
/* End PBXVariantGroup section */

/* Begin XCBuildConfiguration section */
		F5C722B12C19C80F0078B5CF /* Debug */ = {
			isa = XCBuildConfiguration;
			buildSettings = {
				ALWAYS_SEARCH_USER_PATHS = NO;
				ASSETCATALOG_COMPILER_GENERATE_SWIFT_ASSET_SYMBOL_EXTENSIONS = YES;
				CLANG_ANALYZER_NONNULL = YES;
				CLANG_ANALYZER_NUMBER_OBJECT_CONVERSION = YES_AGGRESSIVE;
				CLANG_CXX_LANGUAGE_STANDARD = "gnu++20";
				CLANG_ENABLE_MODULES = YES;
				CLANG_ENABLE_OBJC_ARC = YES;
				CLANG_ENABLE_OBJC_WEAK = YES;
				CLANG_WARN_BLOCK_CAPTURE_AUTORELEASING = YES;
				CLANG_WARN_BOOL_CONVERSION = YES;
				CLANG_WARN_COMMA = YES;
				CLANG_WARN_CONSTANT_CONVERSION = YES;
				CLANG_WARN_DEPRECATED_OBJC_IMPLEMENTATIONS = YES;
				CLANG_WARN_DIRECT_OBJC_ISA_USAGE = YES_ERROR;
				CLANG_WARN_DOCUMENTATION_COMMENTS = YES;
				CLANG_WARN_EMPTY_BODY = YES;
				CLANG_WARN_ENUM_CONVERSION = YES;
				CLANG_WARN_INFINITE_RECURSION = YES;
				CLANG_WARN_INT_CONVERSION = YES;
				CLANG_WARN_NON_LITERAL_NULL_CONVERSION = YES;
				CLANG_WARN_OBJC_IMPLICIT_RETAIN_SELF = YES;
				CLANG_WARN_OBJC_LITERAL_CONVERSION = YES;
				CLANG_WARN_OBJC_ROOT_CLASS = YES_ERROR;
				CLANG_WARN_QUOTED_INCLUDE_IN_FRAMEWORK_HEADER = YES;
				CLANG_WARN_RANGE_LOOP_ANALYSIS = YES;
				CLANG_WARN_STRICT_PROTOTYPES = YES;
				CLANG_WARN_SUSPICIOUS_MOVE = YES;
				CLANG_WARN_UNGUARDED_AVAILABILITY = YES_AGGRESSIVE;
				CLANG_WARN_UNREACHABLE_CODE = YES;
				CLANG_WARN__DUPLICATE_METHOD_MATCH = YES;
				COPY_PHASE_STRIP = NO;
				DEBUG_INFORMATION_FORMAT = dwarf;
				ENABLE_STRICT_OBJC_MSGSEND = YES;
				ENABLE_TESTABILITY = YES;
				ENABLE_USER_SCRIPT_SANDBOXING = YES;
				GCC_C_LANGUAGE_STANDARD = gnu17;
				GCC_DYNAMIC_NO_PIC = NO;
				GCC_NO_COMMON_BLOCKS = YES;
				GCC_OPTIMIZATION_LEVEL = 0;
				GCC_PREPROCESSOR_DEFINITIONS = (
					"DEBUG=1",
					"$(inherited)",
				);
				GCC_WARN_64_TO_32_BIT_CONVERSION = YES;
				GCC_WARN_ABOUT_RETURN_TYPE = YES_ERROR;
				GCC_WARN_UNDECLARED_SELECTOR = YES;
				GCC_WARN_UNINITIALIZED_AUTOS = YES_AGGRESSIVE;
				GCC_WARN_UNUSED_FUNCTION = YES;
				GCC_WARN_UNUSED_VARIABLE = YES;
				IPHONEOS_DEPLOYMENT_TARGET = 17.0;
				LOCALIZATION_PREFERS_STRING_CATALOGS = YES;
				MTL_ENABLE_DEBUG_INFO = INCLUDE_SOURCE;
				MTL_FAST_MATH = YES;
				ONLY_ACTIVE_ARCH = YES;
				SDKROOT = iphoneos;
				SWIFT_ACTIVE_COMPILATION_CONDITIONS = "DEBUG $(inherited)";
				SWIFT_OPTIMIZATION_LEVEL = "-Onone";
			};
			name = Debug;
		};
		F5C722B22C19C80F0078B5CF /* Release */ = {
			isa = XCBuildConfiguration;
			buildSettings = {
				ALWAYS_SEARCH_USER_PATHS = NO;
				ASSETCATALOG_COMPILER_GENERATE_SWIFT_ASSET_SYMBOL_EXTENSIONS = YES;
				CLANG_ANALYZER_NONNULL = YES;
				CLANG_ANALYZER_NUMBER_OBJECT_CONVERSION = YES_AGGRESSIVE;
				CLANG_CXX_LANGUAGE_STANDARD = "gnu++20";
				CLANG_ENABLE_MODULES = YES;
				CLANG_ENABLE_OBJC_ARC = YES;
				CLANG_ENABLE_OBJC_WEAK = YES;
				CLANG_WARN_BLOCK_CAPTURE_AUTORELEASING = YES;
				CLANG_WARN_BOOL_CONVERSION = YES;
				CLANG_WARN_COMMA = YES;
				CLANG_WARN_CONSTANT_CONVERSION = YES;
				CLANG_WARN_DEPRECATED_OBJC_IMPLEMENTATIONS = YES;
				CLANG_WARN_DIRECT_OBJC_ISA_USAGE = YES_ERROR;
				CLANG_WARN_DOCUMENTATION_COMMENTS = YES;
				CLANG_WARN_EMPTY_BODY = YES;
				CLANG_WARN_ENUM_CONVERSION = YES;
				CLANG_WARN_INFINITE_RECURSION = YES;
				CLANG_WARN_INT_CONVERSION = YES;
				CLANG_WARN_NON_LITERAL_NULL_CONVERSION = YES;
				CLANG_WARN_OBJC_IMPLICIT_RETAIN_SELF = YES;
				CLANG_WARN_OBJC_LITERAL_CONVERSION = YES;
				CLANG_WARN_OBJC_ROOT_CLASS = YES_ERROR;
				CLANG_WARN_QUOTED_INCLUDE_IN_FRAMEWORK_HEADER = YES;
				CLANG_WARN_RANGE_LOOP_ANALYSIS = YES;
				CLANG_WARN_STRICT_PROTOTYPES = YES;
				CLANG_WARN_SUSPICIOUS_MOVE = YES;
				CLANG_WARN_UNGUARDED_AVAILABILITY = YES_AGGRESSIVE;
				CLANG_WARN_UNREACHABLE_CODE = YES;
				CLANG_WARN__DUPLICATE_METHOD_MATCH = YES;
				COPY_PHASE_STRIP = NO;
				DEBUG_INFORMATION_FORMAT = "dwarf-with-dsym";
				ENABLE_NS_ASSERTIONS = NO;
				ENABLE_STRICT_OBJC_MSGSEND = YES;
				ENABLE_USER_SCRIPT_SANDBOXING = YES;
				GCC_C_LANGUAGE_STANDARD = gnu17;
				GCC_NO_COMMON_BLOCKS = YES;
				GCC_WARN_64_TO_32_BIT_CONVERSION = YES;
				GCC_WARN_ABOUT_RETURN_TYPE = YES_ERROR;
				GCC_WARN_UNDECLARED_SELECTOR = YES;
				GCC_WARN_UNINITIALIZED_AUTOS = YES_AGGRESSIVE;
				GCC_WARN_UNUSED_FUNCTION = YES;
				GCC_WARN_UNUSED_VARIABLE = YES;
				IPHONEOS_DEPLOYMENT_TARGET = 17.0;
				LOCALIZATION_PREFERS_STRING_CATALOGS = YES;
				MTL_ENABLE_DEBUG_INFO = NO;
				MTL_FAST_MATH = YES;
				SDKROOT = iphoneos;
				SWIFT_COMPILATION_MODE = wholemodule;
				VALIDATE_PRODUCT = YES;
			};
			name = Release;
		};
		F5C722B42C19C80F0078B5CF /* Debug */ = {
			isa = XCBuildConfiguration;
			buildSettings = {
				ASSETCATALOG_COMPILER_APPICON_NAME = AppIcon;
				ASSETCATALOG_COMPILER_GLOBAL_ACCENT_COLOR_NAME = AccentColor;
				CODE_SIGN_STYLE = Automatic;
				CURRENT_PROJECT_VERSION = 1;
				DEVELOPMENT_TEAM = 8T8N8TLNW6;
				GENERATE_INFOPLIST_FILE = YES;
				INFOPLIST_FILE = Travel_screen/Info.plist;
				INFOPLIST_KEY_UIApplicationSupportsIndirectInputEvents = YES;
				INFOPLIST_KEY_UILaunchStoryboardName = LaunchScreen;
				INFOPLIST_KEY_UIMainStoryboardFile = Main;
				INFOPLIST_KEY_UISupportedInterfaceOrientations = UIInterfaceOrientationPortrait;
				INFOPLIST_KEY_UISupportedInterfaceOrientations_iPad = "UIInterfaceOrientationPortrait UIInterfaceOrientationPortraitUpsideDown";
				LD_RUNPATH_SEARCH_PATHS = (
					"$(inherited)",
					"@executable_path/Frameworks",
				);
				MARKETING_VERSION = 1.0;
				PRODUCT_BUNDLE_IDENTIFIER = "eeee.Travel-screen";
				PRODUCT_NAME = "$(TARGET_NAME)";
				SUPPORTED_PLATFORMS = "iphoneos iphonesimulator";
				SUPPORTS_MACCATALYST = NO;
				SUPPORTS_MAC_DESIGNED_FOR_IPHONE_IPAD = NO;
				SUPPORTS_XR_DESIGNED_FOR_IPHONE_IPAD = NO;
				SWIFT_EMIT_LOC_STRINGS = YES;
				SWIFT_VERSION = 5.0;
				TARGETED_DEVICE_FAMILY = 1;
			};
			name = Debug;
		};
		F5C722B52C19C80F0078B5CF /* Release */ = {
			isa = XCBuildConfiguration;
			buildSettings = {
				ASSETCATALOG_COMPILER_APPICON_NAME = AppIcon;
				ASSETCATALOG_COMPILER_GLOBAL_ACCENT_COLOR_NAME = AccentColor;
				CODE_SIGN_STYLE = Automatic;
				CURRENT_PROJECT_VERSION = 1;
				DEVELOPMENT_TEAM = 8T8N8TLNW6;
				GENERATE_INFOPLIST_FILE = YES;
				INFOPLIST_FILE = Travel_screen/Info.plist;
				INFOPLIST_KEY_UIApplicationSupportsIndirectInputEvents = YES;
				INFOPLIST_KEY_UILaunchStoryboardName = LaunchScreen;
				INFOPLIST_KEY_UIMainStoryboardFile = Main;
				INFOPLIST_KEY_UISupportedInterfaceOrientations = UIInterfaceOrientationPortrait;
				INFOPLIST_KEY_UISupportedInterfaceOrientations_iPad = "UIInterfaceOrientationPortrait UIInterfaceOrientationPortraitUpsideDown";
				LD_RUNPATH_SEARCH_PATHS = (
					"$(inherited)",
					"@executable_path/Frameworks",
				);
				MARKETING_VERSION = 1.0;
				PRODUCT_BUNDLE_IDENTIFIER = "eeee.Travel-screen";
				PRODUCT_NAME = "$(TARGET_NAME)";
				SUPPORTED_PLATFORMS = "iphoneos iphonesimulator";
				SUPPORTS_MACCATALYST = NO;
				SUPPORTS_MAC_DESIGNED_FOR_IPHONE_IPAD = NO;
				SUPPORTS_XR_DESIGNED_FOR_IPHONE_IPAD = NO;
				SWIFT_EMIT_LOC_STRINGS = YES;
				SWIFT_VERSION = 5.0;
				TARGETED_DEVICE_FAMILY = 1;
			};
			name = Release;
		};
/* End XCBuildConfiguration section */

/* Begin XCConfigurationList section */
		F5C7229A2C19C80E0078B5CF /* Build configuration list for PBXProject "Travel_screen" */ = {
			isa = XCConfigurationList;
			buildConfigurations = (
				F5C722B12C19C80F0078B5CF /* Debug */,
				F5C722B22C19C80F0078B5CF /* Release */,
			);
			defaultConfigurationIsVisible = 0;
			defaultConfigurationName = Release;
		};
		F5C722B32C19C80F0078B5CF /* Build configuration list for PBXNativeTarget "Travel_screen" */ = {
			isa = XCConfigurationList;
			buildConfigurations = (
				F5C722B42C19C80F0078B5CF /* Debug */,
				F5C722B52C19C80F0078B5CF /* Release */,
			);
			defaultConfigurationIsVisible = 0;
			defaultConfigurationName = Release;
		};
/* End XCConfigurationList section */
	};
	rootObject = F5C722972C19C80E0078B5CF /* Project object */;
}
